
Microsoft Visual Studio Solution File, Format Version 12.00
# Visual Studio Version 16
VisualStudioVersion = 16.0.31321.278
MinimumVisualStudioVersion = 10.0.40219.1
Project("{FAE04EC0-301F-11D3-BF4B-00C04F79EFBC}") = "Forest", "Forest\Forest.csproj", "{97E843FC-748D-4B35-B676-1477C6205472}"
EndProject
Project("{FAE04EC0-301F-11D3-BF4B-00C04F79EFBC}") = "Forest.Services", "Forest.Services\Forest.Services.csproj", "{81711C71-63DC-4CBC-B7CF-4312A96A4BF1}"
EndProject
Project("{FAE04EC0-301F-11D3-BF4B-00C04F79EFBC}") = "Forest.Data", "Forest.Data\Forest.Data.csproj", "{1CEAC082-301D-4F14-AF75-E1BD011379F7}"
EndProject
Global
	GlobalSection(SolutionConfigurationPlatforms) = preSolution
		Debug|Any CPU = Debug|Any CPU
		Release|Any CPU = Release|Any CPU
	EndGlobalSection
	GlobalSection(ProjectConfigurationPlatforms) = postSolution
		{97E843FC-748D-4B35-B676-1477C6205472}.Debug|Any CPU.ActiveCfg = Debug|Any CPU
		{97E843FC-748D-4B35-B676-1477C6205472}.Debug|Any CPU.Build.0 = Debug|Any CPU
		{97E843FC-748D-4B35-B676-1477C6205472}.Release|Any CPU.ActiveCfg = Release|Any CPU
		{97E843FC-748D-4B35-B676-1477C6205472}.Release|Any CPU.Build.0 = Release|Any CPU
		{81711C71-63DC-4CBC-B7CF-4312A96A4BF1}.Debug|Any CPU.ActiveCfg = Debug|Any CPU
		{81711C71-63DC-4CBC-B7CF-4312A96A4BF1}.Debug|Any CPU.Build.0 = Debug|Any CPU
		{81711C71-63DC-4CBC-B7CF-4312A96A4BF1}.Release|Any CPU.ActiveCfg = Release|Any CPU
		{81711C71-63DC-4CBC-B7CF-4312A96A4BF1}.Release|Any CPU.Build.0 = Release|Any CPU
		{1CEAC082-301D-4F14-AF75-E1BD011379F7}.Debug|Any CPU.ActiveCfg = Debug|Any CPU
		{1CEAC082-301D-4F14-AF75-E1BD011379F7}.Debug|Any CPU.Build.0 = Debug|Any CPU
		{1CEAC082-301D-4F14-AF75-E1BD011379F7}.Release|Any CPU.ActiveCfg = Release|Any CPU
		{1CEAC082-301D-4F14-AF75-E1BD011379F7}.Release|Any CPU.Build.0 = Release|Any CPU
	EndGlobalSection
	GlobalSection(SolutionProperties) = preSolution
		HideSolutionNode = FALSE
	EndGlobalSection
	GlobalSection(ExtensibilityGlobals) = postSolution
		SolutionGuid = {AD60D4F8-F128-4856-A8CC-E06312CD5C71}
	EndGlobalSection
EndGlobal
